
Microsoft Visual Studio Solution File, Format Version 12.00
# Visual Studio 2013
VisualStudioVersion = 12.0.31101.0
MinimumVisualStudioVersion = 10.0.40219.1
Project("{FAE04EC0-301F-11D3-BF4B-00C04F79EFBC}") = "PEPe", "PEPe\PEPe.csproj", "{BA79DA93-185A-4A25-9E47-92290B87C815}"
EndProject
Project("{FAE04EC0-301F-11D3-BF4B-00C04F79EFBC}") = "PEPe.BusinessObject", "PEPe.BusinessObject\PEPe.BusinessObject.csproj", "{070E5438-74E0-481A-8AC1-F28902181D71}"
EndProject
Project("{FAE04EC0-301F-11D3-BF4B-00C04F79EFBC}") = "PEPe.ADO", "PEPe.ADO\PEPe.ADO.csproj", "{73EFAF11-C812-4586-8C59-6440B84F4167}"
EndProject
Project("{FAE04EC0-301F-11D3-BF4B-00C04F79EFBC}") = "PEPe.DataAccessModel", "PEPe.DataAccessModel\PEPe.DataAccessModel.csproj", "{6D9EB846-D71F-4770-9893-84474D39D690}"
EndProject
Project("{FAE04EC0-301F-11D3-BF4B-00C04F79EFBC}") = "Helper", "Helper\Helper.csproj", "{5EF5168E-61B6-4B9F-9D26-64DF45188B8E}"
EndProject
Global
	GlobalSection(SolutionConfigurationPlatforms) = preSolution
		Debug|Any CPU = Debug|Any CPU
		Release|Any CPU = Release|Any CPU
	EndGlobalSection
	GlobalSection(ProjectConfigurationPlatforms) = postSolution
		{BA79DA93-185A-4A25-9E47-92290B87C815}.Debug|Any CPU.ActiveCfg = Debug|Any CPU
		{BA79DA93-185A-4A25-9E47-92290B87C815}.Debug|Any CPU.Build.0 = Debug|Any CPU
		{BA79DA93-185A-4A25-9E47-92290B87C815}.Release|Any CPU.ActiveCfg = Release|Any CPU
		{BA79DA93-185A-4A25-9E47-92290B87C815}.Release|Any CPU.Build.0 = Release|Any CPU
		{070E5438-74E0-481A-8AC1-F28902181D71}.Debug|Any CPU.ActiveCfg = Debug|Any CPU
		{070E5438-74E0-481A-8AC1-F28902181D71}.Debug|Any CPU.Build.0 = Debug|Any CPU
		{070E5438-74E0-481A-8AC1-F28902181D71}.Release|Any CPU.ActiveCfg = Release|Any CPU
		{070E5438-74E0-481A-8AC1-F28902181D71}.Release|Any CPU.Build.0 = Release|Any CPU
		{73EFAF11-C812-4586-8C59-6440B84F4167}.Debug|Any CPU.ActiveCfg = Debug|Any CPU
		{73EFAF11-C812-4586-8C59-6440B84F4167}.Debug|Any CPU.Build.0 = Debug|Any CPU
		{73EFAF11-C812-4586-8C59-6440B84F4167}.Release|Any CPU.ActiveCfg = Release|Any CPU
		{73EFAF11-C812-4586-8C59-6440B84F4167}.Release|Any CPU.Build.0 = Release|Any CPU
		{6D9EB846-D71F-4770-9893-84474D39D690}.Debug|Any CPU.ActiveCfg = Debug|Any CPU
		{6D9EB846-D71F-4770-9893-84474D39D690}.Debug|Any CPU.Build.0 = Debug|Any CPU
		{6D9EB846-D71F-4770-9893-84474D39D690}.Release|Any CPU.ActiveCfg = Release|Any CPU
		{6D9EB846-D71F-4770-9893-84474D39D690}.Release|Any CPU.Build.0 = Release|Any CPU
		{5EF5168E-61B6-4B9F-9D26-64DF45188B8E}.Debug|Any CPU.ActiveCfg = Debug|Any CPU
		{5EF5168E-61B6-4B9F-9D26-64DF45188B8E}.Debug|Any CPU.Build.0 = Debug|Any CPU
		{5EF5168E-61B6-4B9F-9D26-64DF45188B8E}.Release|Any CPU.ActiveCfg = Release|Any CPU
		{5EF5168E-61B6-4B9F-9D26-64DF45188B8E}.Release|Any CPU.Build.0 = Release|Any CPU
	EndGlobalSection
	GlobalSection(SolutionProperties) = preSolution
		HideSolutionNode = FALSE
	EndGlobalSection
EndGlobal
